PODS:
  - AFNetworking (2.6.3):
    - AFNetworking/NSURLConnection (= 2.6.3)
    - AFNetworking/NSURLSession (= 2.6.3)
    - AFNetworking/Reachability (= 2.6.3)
    - AFNetworking/Security (= 2.6.3)
    - AFNetworking/Serialization (= 2.6.3)
    - AFNetworking/UIKit (= 2.6.3)
  - AFNetworking/NSURLConnection (2.6.3):
    - AFNetworking/Reachability
    - AFNetworking/Security
    - AFNetworking/Serialization
  - AFNetworking/NSURLSession (2.6.3):
    - AFNetworking/Reachability
    - AFNetworking/Security
    - AFNetworking/Serialization
  - AFNetworking/Reachability (2.6.3)
  - AFNetworking/Security (2.6.3)
  - AFNetworking/Serialization (2.6.3)
  - AFNetworking/UIKit (2.6.3):
    - AFNetworking/NSURLConnection
    - AFNetworking/NSURLSession
  - BlocksKit (2.2.5):
    - BlocksKit/All (= 2.2.5)
  - BlocksKit/All (2.2.5):
    - BlocksKit/Core
    - BlocksKit/DynamicDelegate
    - BlocksKit/MessageUI
    - BlocksKit/UIKit
  - BlocksKit/Core (2.2.5)
  - BlocksKit/DynamicDelegate (2.2.5)
  - BlocksKit/MessageUI (2.2.5):
    - BlocksKit/Core
    - BlocksKit/DynamicDelegate
  - BlocksKit/UIKit (2.2.5):
    - BlocksKit/Core
    - BlocksKit/DynamicDelegate
  - DateTools (1.7.0)
  - DribbbleSDK (0.0.3):
    - AFNetworking (~> 2.3)
    - BlocksKit
    - JSONModel
    - NXOAuth2Client
  - Flurry-iOS-SDK/FlurrySDK (7.6.4)
  - JSONModel (1.0.2)
  - MJRefresh (3.1.9)
  - NXOAuth2Client (1.2.8)
  - SDWebImage (3.8.1):
    - SDWebImage/Core (= 3.8.1)
  - SDWebImage/Core (3.8.1)
  - SVProgressHUD (2.0.3)
  - TTTAttributedLabel (1.13.4)
  - YLGIFImage (0.11)

DEPENDENCIES:
  - DateTools
  - DribbbleSDK
  - Flurry-iOS-SDK/FlurrySDK
  - JSONModel (~> 1.0.0)
  - MJRefresh
  - SDWebImage
  - SVProgressHUD
  - TTTAttributedLabel
  - YLGIFImage

SPEC CHECKSUMS:
  AFNetworking: cb8d14a848e831097108418f5d49217339d4eb60
  BlocksKit: 7f422b971407001178d181a43b99014ea2591fe6
  DateTools: 53288ee8b905fdc75897a1e6b5cc0144b14cba60
  DribbbleSDK: cfcecbe6d73254d4abda6780fa4ea1beb8f2c877
  Flurry-iOS-SDK: 9da972687d3af9f48038dcd86eae9cad3acca456
  JSONModel: 6ffcb4ffa3659c9e9a2e5d45d6c7705bab187c03
  MJRefresh: c5f1f1653e5a1b932c90f78074f2bc86f3f9bd5e
  NXOAuth2Client: 98c4d4c594edd2b289cfc34a8928653e1dab7adf
  SDWebImage: 35f9627a3e44b4f292a8a8ce6a531fa488239b91
  SVProgressHUD: b0830714205bea1317ea1a2ebc71e5633af334d4
  TTTAttributedLabel: 0a2ac7b2dd726d32a070dafb01446026b11e624f
  YLGIFImage: c0ae132fe80e5282b2762a97d14e23ba71a748ae

PODFILE CHECKSUM: e6b5058d676bdce0f71a14c598867925823facfa

COCOAPODS: 1.0.1
